Microsoft Visual Studio Solution File, Format Version 12.00
# Visual Studio Version 16
VisualStudioVersion = 16.0.30907.101
MinimumVisualStudioVersion = 10.0.40219.1
Project("{FAE04EC0-301F-11D3-BF4B-00C04F79EFBC}") = "RaleWears.Android", "RaleWears.Android\RaleWears.Android.csproj", "{56EBD94F-C0B5-4BD1-9A4B-CF8EF2486E80}"
EndProject
Project("{FAE04EC0-301F-11D3-BF4B-00C04F79EFBC}") = "RaleWears.iOS", "RaleWears.iOS\RaleWears.iOS.csproj", "{A63EA68A-D267-481F-A2E6-51326215059F}"
EndProject
Project("{9A19103F-16F7-4668-BE54-9A1E7A4F7556}") = "RaleWears", "RaleWears\RaleWears.csproj", "{6283A5F3-304C-4517-974E-C4CCB4A865EF}"
EndProject
Global
	GlobalSection(SolutionConfigurationPlatforms) = preSolution
		Debug|Any CPU = Debug|Any CPU
		Debug|iPhone = Debug|iPhone
		Debug|iPhoneSimulator = Debug|iPhoneSimulator
		Release|Any CPU = Release|Any CPU
		Release|iPhone = Release|iPhone
		Release|iPhoneSimulator = Release|iPhoneSimulator
	EndGlobalSection
	GlobalSection(ProjectConfigurationPlatforms) = postSolution
		{56EBD94F-C0B5-4BD1-9A4B-CF8EF2486E80}.Debug|Any CPU.ActiveCfg = Debug|Any CPU
		{56EBD94F-C0B5-4BD1-9A4B-CF8EF2486E80}.Debug|Any CPU.Build.0 = Debug|Any CPU
		{56EBD94F-C0B5-4BD1-9A4B-CF8EF2486E80}.Debug|Any CPU.Deploy.0 = Debug|Any CPU
		{56EBD94F-C0B5-4BD1-9A4B-CF8EF2486E80}.Debug|iPhone.ActiveCfg = Debug|Any CPU
		{56EBD94F-C0B5-4BD1-9A4B-CF8EF2486E80}.Debug|iPhone.Build.0 = Debug|Any CPU
		{56EBD94F-C0B5-4BD1-9A4B-CF8EF2486E80}.Debug|iPhoneSimulator.ActiveCfg = Debug|Any CPU
		{56EBD94F-C0B5-4BD1-9A4B-CF8EF2486E80}.Debug|iPhoneSimulator.Build.0 = Debug|Any CPU
		{56EBD94F-C0B5-4BD1-9A4B-CF8EF2486E80}.Release|Any CPU.ActiveCfg = Release|Any CPU
		{56EBD94F-C0B5-4BD1-9A4B-CF8EF2486E80}.Release|Any CPU.Build.0 = Release|Any CPU
		{56EBD94F-C0B5-4BD1-9A4B-CF8EF2486E80}.Release|iPhone.ActiveCfg = Release|Any CPU
		{56EBD94F-C0B5-4BD1-9A4B-CF8EF2486E80}.Release|iPhone.Build.0 = Release|Any CPU
		{56EBD94F-C0B5-4BD1-9A4B-CF8EF2486E80}.Release|iPhoneSimulator.ActiveCfg = Release|Any CPU
		{56EBD94F-C0B5-4BD1-9A4B-CF8EF2486E80}.Release|iPhoneSimulator.Build.0 = Release|Any CPU
		{A63EA68A-D267-481F-A2E6-51326215059F}.Debug|Any CPU.ActiveCfg = Debug|iPhoneSimulator
		{A63EA68A-D267-481F-A2E6-51326215059F}.Debug|Any CPU.Build.0 = Debug|iPhoneSimulator
		{A63EA68A-D267-481F-A2E6-51326215059F}.Debug|iPhone.ActiveCfg = Debug|iPhone
		{A63EA68A-D267-481F-A2E6-51326215059F}.Debug|iPhone.Build.0 = Debug|iPhone
		{A63EA68A-D267-481F-A2E6-51326215059F}.Debug|iPhoneSimulator.ActiveCfg = Debug|iPhoneSimulator
		{A63EA68A-D267-481F-A2E6-51326215059F}.Debug|iPhoneSimulator.Build.0 = Debug|iPhoneSimulator
		{A63EA68A-D267-481F-A2E6-51326215059F}.Release|Any CPU.ActiveCfg = Release|iPhoneSimulator
		{A63EA68A-D267-481F-A2E6-51326215059F}.Release|Any CPU.Build.0 = Release|iPhoneSimulator
		{A63EA68A-D267-481F-A2E6-51326215059F}.Release|iPhone.ActiveCfg = Release|iPhone
		{A63EA68A-D267-481F-A2E6-51326215059F}.Release|iPhone.Build.0 = Release|iPhone
		{A63EA68A-D267-481F-A2E6-51326215059F}.Release|iPhoneSimulator.ActiveCfg = Release|iPhoneSimulator
		{A63EA68A-D267-481F-A2E6-51326215059F}.Release|iPhoneSimulator.Build.0 = Release|iPhoneSimulator
		{6283A5F3-304C-4517-974E-C4CCB4A865EF}.Debug|Any CPU.ActiveCfg = Debug|Any CPU
		{6283A5F3-304C-4517-974E-C4CCB4A865EF}.Debug|Any CPU.Build.0 = Debug|Any CPU
		{6283A5F3-304C-4517-974E-C4CCB4A865EF}.Debug|iPhone.ActiveCfg = Debug|Any CPU
		{6283A5F3-304C-4517-974E-C4CCB4A865EF}.Debug|iPhone.Build.0 = Debug|Any CPU
		{6283A5F3-304C-4517-974E-C4CCB4A865EF}.Debug|iPhoneSimulator.ActiveCfg = Debug|Any CPU
		{6283A5F3-304C-4517-974E-C4CCB4A865EF}.Debug|iPhoneSimulator.Build.0 = Debug|Any CPU
		{6283A5F3-304C-4517-974E-C4CCB4A865EF}.Release|Any CPU.ActiveCfg = Release|Any CPU
		{6283A5F3-304C-4517-974E-C4CCB4A865EF}.Release|Any CPU.Build.0 = Release|Any CPU
		{6283A5F3-304C-4517-974E-C4CCB4A865EF}.Release|iPhone.ActiveCfg = Release|Any CPU
		{6283A5F3-304C-4517-974E-C4CCB4A865EF}.Release|iPhone.Build.0 = Release|Any CPU
		{6283A5F3-304C-4517-974E-C4CCB4A865EF}.Release|iPhoneSimulator.ActiveCfg = Release|Any CPU
		{6283A5F3-304C-4517-974E-C4CCB4A865EF}.Release|iPhoneSimulator.Build.0 = Release|Any CPU
	EndGlobalSection
	GlobalSection(SolutionProperties) = preSolution
		HideSolutionNode = FALSE
	EndGlobalSection
	GlobalSection(ExtensibilityGlobals) = postSolution
		SolutionGuid = {B4B09045-1A82-4F34-BBFE-353EC086CBFC}
	EndGlobalSection
EndGlobal
