
Microsoft Visual Studio Solution File, Format Version 12.00
# Visual Studio Version 16
VisualStudioVersion = 16.0.30907.101
MinimumVisualStudioVersion = 10.0.40219.1
Project("{FAE04EC0-301F-11D3-BF4B-00C04F79EFBC}") = "TestApp2.Android", "TestApp2.Android\TestApp2.Android.csproj", "{FE16FB39-1A72-450E-8A22-215DF14295DC}"
EndProject
Project("{FAE04EC0-301F-11D3-BF4B-00C04F79EFBC}") = "TestApp2", "TestApp2\TestApp2.csproj", "{F6DC2EC5-3793-431F-B610-00871B0AB5CF}"
EndProject
Global
	GlobalSection(SolutionConfigurationPlatforms) = preSolution
		Debug|Any CPU = Debug|Any CPU
		Release|Any CPU = Release|Any CPU
	EndGlobalSection
	GlobalSection(ProjectConfigurationPlatforms) = postSolution
		{FE16FB39-1A72-450E-8A22-215DF14295DC}.Debug|Any CPU.ActiveCfg = Debug|Any CPU
		{FE16FB39-1A72-450E-8A22-215DF14295DC}.Debug|Any CPU.Build.0 = Debug|Any CPU
		{FE16FB39-1A72-450E-8A22-215DF14295DC}.Debug|Any CPU.Deploy.0 = Debug|Any CPU
		{FE16FB39-1A72-450E-8A22-215DF14295DC}.Release|Any CPU.ActiveCfg = Release|Any CPU
		{FE16FB39-1A72-450E-8A22-215DF14295DC}.Release|Any CPU.Build.0 = Release|Any CPU
		{FE16FB39-1A72-450E-8A22-215DF14295DC}.Release|Any CPU.Deploy.0 = Release|Any CPU
		{F6DC2EC5-3793-431F-B610-00871B0AB5CF}.Debug|Any CPU.ActiveCfg = Debug|Any CPU
		{F6DC2EC5-3793-431F-B610-00871B0AB5CF}.Debug|Any CPU.Build.0 = Debug|Any CPU
		{F6DC2EC5-3793-431F-B610-00871B0AB5CF}.Debug|Any CPU.Deploy.0 = Debug|Any CPU
		{F6DC2EC5-3793-431F-B610-00871B0AB5CF}.Release|Any CPU.ActiveCfg = Release|Any CPU
		{F6DC2EC5-3793-431F-B610-00871B0AB5CF}.Release|Any CPU.Build.0 = Release|Any CPU
		{F6DC2EC5-3793-431F-B610-00871B0AB5CF}.Release|Any CPU.Deploy.0 = Release|Any CPU
	EndGlobalSection
	GlobalSection(SolutionProperties) = preSolution
		HideSolutionNode = FALSE
	EndGlobalSection
	GlobalSection(ExtensibilityGlobals) = postSolution
		SolutionGuid = {3B9A9508-D34D-4722-8A05-C587E4A619C3}
	EndGlobalSection
EndGlobal
