
Microsoft Visual Studio Solution File, Format Version 12.00
# Visual Studio Version 16
VisualStudioVersion = 16.0.30907.101
MinimumVisualStudioVersion = 10.0.40219.1
Project("{FAE04EC0-301F-11D3-BF4B-00C04F79EFBC}") = "SleepestTest1.Android", "SleepestTest1.Android\SleepestTest1.Android.csproj", "{B265C545-C007-4950-B08F-6FB55D6F9FA2}"
EndProject
Project("{FAE04EC0-301F-11D3-BF4B-00C04F79EFBC}") = "SleepestTest1", "SleepestTest1\SleepestTest1.csproj", "{69193B21-388C-4A28-89E1-9A0953EFF896}"
EndProject
Global
	GlobalSection(SolutionConfigurationPlatforms) = preSolution
		Debug|Any CPU = Debug|Any CPU
		Release|Any CPU = Release|Any CPU
	EndGlobalSection
	GlobalSection(ProjectConfigurationPlatforms) = postSolution
		{B265C545-C007-4950-B08F-6FB55D6F9FA2}.Debug|Any CPU.ActiveCfg = Debug|Any CPU
		{B265C545-C007-4950-B08F-6FB55D6F9FA2}.Debug|Any CPU.Build.0 = Debug|Any CPU
		{B265C545-C007-4950-B08F-6FB55D6F9FA2}.Debug|Any CPU.Deploy.0 = Debug|Any CPU
		{B265C545-C007-4950-B08F-6FB55D6F9FA2}.Release|Any CPU.ActiveCfg = Release|Any CPU
		{B265C545-C007-4950-B08F-6FB55D6F9FA2}.Release|Any CPU.Build.0 = Release|Any CPU
		{B265C545-C007-4950-B08F-6FB55D6F9FA2}.Release|Any CPU.Deploy.0 = Release|Any CPU
		{69193B21-388C-4A28-89E1-9A0953EFF896}.Debug|Any CPU.ActiveCfg = Debug|Any CPU
		{69193B21-388C-4A28-89E1-9A0953EFF896}.Debug|Any CPU.Build.0 = Debug|Any CPU
		{69193B21-388C-4A28-89E1-9A0953EFF896}.Debug|Any CPU.Deploy.0 = Debug|Any CPU
		{69193B21-388C-4A28-89E1-9A0953EFF896}.Release|Any CPU.ActiveCfg = Release|Any CPU
		{69193B21-388C-4A28-89E1-9A0953EFF896}.Release|Any CPU.Build.0 = Release|Any CPU
		{69193B21-388C-4A28-89E1-9A0953EFF896}.Release|Any CPU.Deploy.0 = Release|Any CPU
	EndGlobalSection
	GlobalSection(SolutionProperties) = preSolution
		HideSolutionNode = FALSE
	EndGlobalSection
	GlobalSection(ExtensibilityGlobals) = postSolution
		SolutionGuid = {D25073C8-EEFB-42B9-AFA0-9C9978786F88}
	EndGlobalSection
EndGlobal
